// !$*UTF8*$!
{
	archiveVersion = 1;
	classes = {
	};
	objectVersion = 51;
	objects = {

/* Begin PBXBuildFile section */
		3931C0F12555E8F00070FEF5 /* PlayersCell.swift in Sources */ = {isa = PBXBuildFile; fileRef = 3931C0EF2555E8F00070FEF5 /* PlayersCell.swift */; };
		3931C0F22555E8F00070FEF5 /* PlayersCell.xib in Resources */ = {isa = PBXBuildFile; fileRef = 3931C0F02555E8F00070FEF5 /* PlayersCell.xib */; };
		3931C0F42555E9350070FEF5 /* TeamDetailsMOdel.swift in Sources */ = {isa = PBXBuildFile; fileRef = 3931C0F32555E9350070FEF5 /* TeamDetailsMOdel.swift */; };
		39AA4BF62555922A00117584 /* LegaModel.swift in Sources */ = {isa = PBXBuildFile; fileRef = 39AA4BF52555922A00117584 /* LegaModel.swift */; };
		39AA4BF8255592D600117584 /* TeamsModel.swift in Sources */ = {isa = PBXBuildFile; fileRef = 39AA4BF7255592D600117584 /* TeamsModel.swift */; };
		39AA4BFA2555936000117584 /* SeasonModel.swift in Sources */ = {isa = PBXBuildFile; fileRef = 39AA4BF92555936000117584 /* SeasonModel.swift */; };
		39AA4BFC2555948B00117584 /* TeamsViewController.swift in Sources */ = {isa = PBXBuildFile; fileRef = 39AA4BFB2555948B00117584 /* TeamsViewController.swift */; };
		39AA4BFE255594D700117584 /* TeamDetailsViewController.swift in Sources */ = {isa = PBXBuildFile; fileRef = 39AA4BFD255594D700117584 /* TeamDetailsViewController.swift */; };
		39AA4C002555951D00117584 /* TeamsPresenter.swift in Sources */ = {isa = PBXBuildFile; fileRef = 39AA4BFF2555951D00117584 /* TeamsPresenter.swift */; };
		39AA4C022555952A00117584 /* TeamDetailsPresenter.swift in Sources */ = {isa = PBXBuildFile; fileRef = 39AA4C012555952A00117584 /* TeamDetailsPresenter.swift */; };
		39AA4C05255595D700117584 /* teamCell.swift in Sources */ = {isa = PBXBuildFile; fileRef = 39AA4C03255595D700117584 /* teamCell.swift */; };
		39AA4C06255595D700117584 /* teamCell.xib in Resources */ = {isa = PBXBuildFile; fileRef = 39AA4C04255595D700117584 /* teamCell.xib */; };
		39C28E7E2553E2340022A1AA /* AppDelegate.swift in Sources */ = {isa = PBXBuildFile; fileRef = 39C28E7D2553E2340022A1AA /* AppDelegate.swift */; };
		39C28E802553E2340022A1AA /* SceneDelegate.swift in Sources */ = {isa = PBXBuildFile; fileRef = 39C28E7F2553E2340022A1AA /* SceneDelegate.swift */; };
		39C28E852553E2340022A1AA /* Main.storyboard in Resources */ = {isa = PBXBuildFile; fileRef = 39C28E832553E2340022A1AA /* Main.storyboard */; };
		39C28E882553E2340022A1AA /* OrcasTask.xcdatamodeld in Sources */ = {isa = PBXBuildFile; fileRef = 39C28E862553E2340022A1AA /* OrcasTask.xcdatamodeld */; };
		39C28E8A2553E2370022A1AA /* Assets.xcassets in Resources */ = {isa = PBXBuildFile; fileRef = 39C28E892553E2370022A1AA /* Assets.xcassets */; };
		39C28E8D2553E2370022A1AA /* LaunchScreen.storyboard in Resources */ = {isa = PBXBuildFile; fileRef = 39C28E8B2553E2370022A1AA /* LaunchScreen.storyboard */; };
		39C28E982553E2370022A1AA /* OrcasTaskTests.swift in Sources */ = {isa = PBXBuildFile; fileRef = 39C28E972553E2370022A1AA /* OrcasTaskTests.swift */; };
		39C28ECC2553E3230022A1AA /* Name.swift in Sources */ = {isa = PBXBuildFile; fileRef = 39C28EA42553E3230022A1AA /* Name.swift */; };
		39C28ECD2553E3230022A1AA /* NetworkManager.swift in Sources */ = {isa = PBXBuildFile; fileRef = 39C28EA62553E3230022A1AA /* NetworkManager.swift */; };
		39C28ECE2553E3230022A1AA /* ErrorHandler.swift in Sources */ = {isa = PBXBuildFile; fileRef = 39C28EA72553E3230022A1AA /* ErrorHandler.swift */; };
		39C28ECF2553E3230022A1AA /* ResponseSerializer.swift in Sources */ = {isa = PBXBuildFile; fileRef = 39C28EA82553E3230022A1AA /* ResponseSerializer.swift */; };
		39C28ED02553E3230022A1AA /* RequestConfiguraton.swift in Sources */ = {isa = PBXBuildFile; fileRef = 39C28EA92553E3230022A1AA /* RequestConfiguraton.swift */; };
		39C28ED12553E3230022A1AA /* HttpHelper.swift in Sources */ = {isa = PBXBuildFile; fileRef = 39C28EAA2553E3230022A1AA /* HttpHelper.swift */; };
		39C28ED22553E3230022A1AA /* LastReuest.swift in Sources */ = {isa = PBXBuildFile; fileRef = 39C28EAB2553E3230022A1AA /* LastReuest.swift */; };
		39C28ED32553E3230022A1AA /* ExpiredRequest.swift in Sources */ = {isa = PBXBuildFile; fileRef = 39C28EAC2553E3230022A1AA /* ExpiredRequest.swift */; };
		39C28ED42553E3230022A1AA /* EndPoint.swift in Sources */ = {isa = PBXBuildFile; fileRef = 39C28EAD2553E3230022A1AA /* EndPoint.swift */; };
		39C28ED52553E3230022A1AA /* Constant.swift in Sources */ = {isa = PBXBuildFile; fileRef = 39C28EAF2553E3230022A1AA /* Constant.swift */; };
		39C28ED62553E3230022A1AA /* Language.swift in Sources */ = {isa = PBXBuildFile; fileRef = 39C28EB02553E3230022A1AA /* Language.swift */; };
		39C28ED72553E3230022A1AA /* RoundedCornerButton.swift in Sources */ = {isa = PBXBuildFile; fileRef = 39C28EB12553E3230022A1AA /* RoundedCornerButton.swift */; };
		39C28ED82553E3230022A1AA /* CardView.swift in Sources */ = {isa = PBXBuildFile; fileRef = 39C28EB22553E3230022A1AA /* CardView.swift */; };
		39C28ED92553E3230022A1AA /* UIColorExtention.swift in Sources */ = {isa = PBXBuildFile; fileRef = 39C28EB32553E3230022A1AA /* UIColorExtention.swift */; };
		39C28EDA2553E3230022A1AA /* ArrayExtension.swift in Sources */ = {isa = PBXBuildFile; fileRef = 39C28EB42553E3230022A1AA /* ArrayExtension.swift */; };
		39C28EDB2553E3230022A1AA /* PublicFunctions.swift in Sources */ = {isa = PBXBuildFile; fileRef = 39C28EB52553E3230022A1AA /* PublicFunctions.swift */; };
		39C28EDC2553E3230022A1AA /* UIViewControllerExtension.swift in Sources */ = {isa = PBXBuildFile; fileRef = 39C28EB62553E3230022A1AA /* UIViewControllerExtension.swift */; };
		39C28EDD2553E3230022A1AA /* UITableView+Ext.swift in Sources */ = {isa = PBXBuildFile; fileRef = 39C28EB72553E3230022A1AA /* UITableView+Ext.swift */; };
		39C28EDE2553E3230022A1AA /* PickerDropdown.swift in Sources */ = {isa = PBXBuildFile; fileRef = 39C28EB82553E3230022A1AA /* PickerDropdown.swift */; };
		39C28EDF2553E3230022A1AA /* RoundedView.swift in Sources */ = {isa = PBXBuildFile; fileRef = 39C28EB92553E3230022A1AA /* RoundedView.swift */; };
		39C28EE02553E3230022A1AA /* Extensions.swift in Sources */ = {isa = PBXBuildFile; fileRef = 39C28EBA2553E3230022A1AA /* Extensions.swift */; };
		39C28EE12553E3230022A1AA /* Storyboard.swift in Sources */ = {isa = PBXBuildFile; fileRef = 39C28EBB2553E3230022A1AA /* Storyboard.swift */; };
		39C28EE22553E3230022A1AA /* Animator.swift in Sources */ = {isa = PBXBuildFile; fileRef = 39C28EBC2553E3230022A1AA /* Animator.swift */; };
		39C28EE32553E3230022A1AA /* CardWithShadow.swift in Sources */ = {isa = PBXBuildFile; fileRef = 39C28EBD2553E3230022A1AA /* CardWithShadow.swift */; };
		39C28EE42553E3230022A1AA /* Localizer.swift in Sources */ = {isa = PBXBuildFile; fileRef = 39C28EBE2553E3230022A1AA /* Localizer.swift */; };
		39C28EE52553E3230022A1AA /* SetImageWithPlaceholder.swift in Sources */ = {isa = PBXBuildFile; fileRef = 39C28EBF2553E3230022A1AA /* SetImageWithPlaceholder.swift */; };
		39C28EE62553E3230022A1AA /* Notification.swift in Sources */ = {isa = PBXBuildFile; fileRef = 39C28EC02553E3230022A1AA /* Notification.swift */; };
		39C28EE72553E3230022A1AA /* StringExtension.swift in Sources */ = {isa = PBXBuildFile; fileRef = 39C28EC12553E3230022A1AA /* StringExtension.swift */; };
		39C28EE82553E3230022A1AA /* AnimationFactory.swift in Sources */ = {isa = PBXBuildFile; fileRef = 39C28EC22553E3230022A1AA /* AnimationFactory.swift */; };
		39C28EE92553E3230022A1AA /* DictionaryExtension.swift in Sources */ = {isa = PBXBuildFile; fileRef = 39C28EC32553E3230022A1AA /* DictionaryExtension.swift */; };
		39C28EEA2553E3230022A1AA /* Loadable.swift in Sources */ = {isa = PBXBuildFile; fileRef = 39C28EC42553E3230022A1AA /* Loadable.swift */; };
		39C28EEB2553E3230022A1AA /* NavigationBarExtension.swift in Sources */ = {isa = PBXBuildFile; fileRef = 39C28EC52553E3230022A1AA /* NavigationBarExtension.swift */; };
		39C28EEC2553E3230022A1AA /* AMCircleImageView.swift in Sources */ = {isa = PBXBuildFile; fileRef = 39C28EC62553E3230022A1AA /* AMCircleImageView.swift */; };
		39C28EED2553E3230022A1AA /* DoubleExtension.swift in Sources */ = {isa = PBXBuildFile; fileRef = 39C28EC72553E3230022A1AA /* DoubleExtension.swift */; };
		39C28EEE2553E3230022A1AA /* DateExtension.swift in Sources */ = {isa = PBXBuildFile; fileRef = 39C28EC82553E3230022A1AA /* DateExtension.swift */; };
		39C28EEF2553E3230022A1AA /* BaseViewController.swift in Sources */ = {isa = PBXBuildFile; fileRef = 39C28ECA2553E3230022A1AA /* BaseViewController.swift */; };
		39C28EF02553E3230022A1AA /* BaseModel.swift in Sources */ = {isa = PBXBuildFile; fileRef = 39C28ECB2553E3230022A1AA /* BaseModel.swift */; };
		39EE10C7A663E0B581EA7EBC /* Pods_OrcasTaskTests.framework in Frameworks */ = {isa = PBXBuildFile; fileRef = AD99732657F8EEBF5012726C /* Pods_OrcasTaskTests.framework */; };
		7A7EB3BCE9A4A0283E9AAB53 /* Pods_OrcasTask.framework in Frameworks */ = {isa = PBXBuildFile; fileRef = 8E99ACA41E08B01EEDE7308D /* Pods_OrcasTask.framework */; };
/* End PBXBuildFile section */

/* Begin PBXContainerItemProxy section */
		39C28E942553E2370022A1AA /* PBXContainerItemProxy */ = {
			isa = PBXContainerItemProxy;
			containerPortal = 39C28E722553E2340022A1AA /* Project object */;
			proxyType = 1;
			remoteGlobalIDString = 39C28E792553E2340022A1AA;
			remoteInfo = OrcasTask;
		};
/* End PBXContainerItemProxy section */

/* Begin PBXFileReference section */
		23DEFB889815387CA3D2003F /* Pods-OrcasTaskTests.release.xcconfig */ = {isa = PBXFileReference; includeInIndex = 1; lastKnownFileType = text.xcconfig; name = "Pods-OrcasTaskTests.release.xcconfig"; path = "Target Support Files/Pods-OrcasTaskTests/Pods-OrcasTaskTests.release.xcconfig"; sourceTree = "<group>"; };
		3931C0EF2555E8F00070FEF5 /* PlayersCell.swift */ = {isa = PBXFileReference; lastKnownFileType = sourcecode.swift; path = PlayersCell.swift; sourceTree = "<group>"; };
		3931C0F02555E8F00070FEF5 /* PlayersCell.xib */ = {isa = PBXFileReference; lastKnownFileType = file.xib; path = PlayersCell.xib; sourceTree = "<group>"; };
		3931C0F32555E9350070FEF5 /* TeamDetailsMOdel.swift */ = {isa = PBXFileReference; lastKnownFileType = sourcecode.swift; path = TeamDetailsMOdel.swift; sourceTree = "<group>"; };
		39AA4BF52555922A00117584 /* LegaModel.swift */ = {isa = PBXFileReference; lastKnownFileType = sourcecode.swift; path = LegaModel.swift; sourceTree = "<group>"; };
		39AA4BF7255592D600117584 /* TeamsModel.swift */ = {isa = PBXFileReference; lastKnownFileType = sourcecode.swift; path = TeamsModel.swift; sourceTree = "<group>"; };
		39AA4BF92555936000117584 /* SeasonModel.swift */ = {isa = PBXFileReference; lastKnownFileType = sourcecode.swift; path = SeasonModel.swift; sourceTree = "<group>"; };
		39AA4BFB2555948B00117584 /* TeamsViewController.swift */ = {isa = PBXFileReference; lastKnownFileType = sourcecode.swift; path = TeamsViewController.swift; sourceTree = "<group>"; };
		39AA4BFD255594D700117584 /* TeamDetailsViewController.swift */ = {isa = PBXFileReference; lastKnownFileType = sourcecode.swift; path = TeamDetailsViewController.swift; sourceTree = "<group>"; };
		39AA4BFF2555951D00117584 /* TeamsPresenter.swift */ = {isa = PBXFileReference; lastKnownFileType = sourcecode.swift; path = TeamsPresenter.swift; sourceTree = "<group>"; };
		39AA4C012555952A00117584 /* TeamDetailsPresenter.swift */ = {isa = PBXFileReference; lastKnownFileType = sourcecode.swift; path = TeamDetailsPresenter.swift; sourceTree = "<group>"; };
		39AA4C03255595D700117584 /* teamCell.swift */ = {isa = PBXFileReference; lastKnownFileType = sourcecode.swift; path = teamCell.swift; sourceTree = "<group>"; };
		39AA4C04255595D700117584 /* teamCell.xib */ = {isa = PBXFileReference; lastKnownFileType = file.xib; path = teamCell.xib; sourceTree = "<group>"; };
		39C28E7A2553E2340022A1AA /* OrcasTask.app */ = {isa = PBXFileReference; explicitFileType = wrapper.application; includeInIndex = 0; path = OrcasTask.app; sourceTree = BUILT_PRODUCTS_DIR; };
		39C28E7D2553E2340022A1AA /* AppDelegate.swift */ = {isa = PBXFileReference; lastKnownFileType = sourcecode.swift; path = AppDelegate.swift; sourceTree = "<group>"; };
		39C28E7F2553E2340022A1AA /* SceneDelegate.swift */ = {isa = PBXFileReference; lastKnownFileType = sourcecode.swift; path = SceneDelegate.swift; sourceTree = "<group>"; };
		39C28E842553E2340022A1AA /* Base */ = {isa = PBXFileReference; lastKnownFileType = file.storyboard; name = Base; path = Base.lproj/Main.storyboard; sourceTree = "<group>"; };
		39C28E872553E2340022A1AA /* OrcasTask.xcdatamodel */ = {isa = PBXFileReference; lastKnownFileType = wrapper.xcdatamodel; path = OrcasTask.xcdatamodel; sourceTree = "<group>"; };
		39C28E892553E2370022A1AA /* Assets.xcassets */ = {isa = PBXFileReference; lastKnownFileType = folder.assetcatalog; path = Assets.xcassets; sourceTree = "<group>"; };
		39C28E8C2553E2370022A1AA /* Base */ = {isa = PBXFileReference; lastKnownFileType = file.storyboard; name = Base; path = Base.lproj/LaunchScreen.storyboard; sourceTree = "<group>"; };
		39C28E8E2553E2370022A1AA /* Info.plist */ = {isa = PBXFileReference; lastKnownFileType = text.plist.xml; path = Info.plist; sourceTree = "<group>"; };
		39C28E932553E2370022A1AA /* OrcasTaskTests.xctest */ = {isa = PBXFileReference; explicitFileType = wrapper.cfbundle; includeInIndex = 0; path = OrcasTaskTests.xctest; sourceTree = BUILT_PRODUCTS_DIR; };
		39C28E972553E2370022A1AA /* OrcasTaskTests.swift */ = {isa = PBXFileReference; lastKnownFileType = sourcecode.swift; path = OrcasTaskTests.swift; sourceTree = "<group>"; };
		39C28E992553E2370022A1AA /* Info.plist */ = {isa = PBXFileReference; lastKnownFileType = text.plist.xml; path = Info.plist; sourceTree = "<group>"; };
		39C28EA42553E3230022A1AA /* Name.swift */ = {isa = PBXFileReference; fileEncoding = 4; lastKnownFileType = sourcecode.swift; path = Name.swift; sourceTree = "<group>"; };
		39C28EA62553E3230022A1AA /* NetworkManager.swift */ = {isa = PBXFileReference; fileEncoding = 4; lastKnownFileType = sourcecode.swift; path = NetworkManager.swift; sourceTree = "<group>"; };
		39C28EA72553E3230022A1AA /* ErrorHandler.swift */ = {isa = PBXFileReference; fileEncoding = 4; lastKnownFileType = sourcecode.swift; path = ErrorHandler.swift; sourceTree = "<group>"; };
		39C28EA82553E3230022A1AA /* ResponseSerializer.swift */ = {isa = PBXFileReference; fileEncoding = 4; lastKnownFileType = sourcecode.swift; path = ResponseSerializer.swift; sourceTree = "<group>"; };
		39C28EA92553E3230022A1AA /* RequestConfiguraton.swift */ = {isa = PBXFileReference; fileEncoding = 4; lastKnownFileType = sourcecode.swift; path = RequestConfiguraton.swift; sourceTree = "<group>"; };
		39C28EAA2553E3230022A1AA /* HttpHelper.swift */ = {isa = PBXFileReference; fileEncoding = 4; lastKnownFileType = sourcecode.swift; path = HttpHelper.swift; sourceTree = "<group>"; };
		39C28EAB2553E3230022A1AA /* LastReuest.swift */ = {isa = PBXFileReference; fileEncoding = 4; lastKnownFileType = sourcecode.swift; path = LastReuest.swift; sourceTree = "<group>"; };
		39C28EAC2553E3230022A1AA /* ExpiredRequest.swift */ = {isa = PBXFileReference; fileEncoding = 4; lastKnownFileType = sourcecode.swift; path = ExpiredRequest.swift; sourceTree = "<group>"; };
		39C28EAD2553E3230022A1AA /* EndPoint.swift */ = {isa = PBXFileReference; fileEncoding = 4; lastKnownFileType = sourcecode.swift; path = EndPoint.swift; sourceTree = "<group>"; };
		39C28EAF2553E3230022A1AA /* Constant.swift */ = {isa = PBXFileReference; fileEncoding = 4; lastKnownFileType = sourcecode.swift; path = Constant.swift; sourceTree = "<group>"; };
		39C28EB02553E3230022A1AA /* Language.swift */ = {isa = PBXFileReference; fileEncoding = 4; lastKnownFileType = sourcecode.swift; path = Language.swift; sourceTree = "<group>"; };
		39C28EB12553E3230022A1AA /* RoundedCornerButton.swift */ = {isa = PBXFileReference; fileEncoding = 4; lastKnownFileType = sourcecode.swift; path = RoundedCornerButton.swift; sourceTree = "<group>"; };
		39C28EB22553E3230022A1AA /* CardView.swift */ = {isa = PBXFileReference; fileEncoding = 4; lastKnownFileType = sourcecode.swift; path = CardView.swift; sourceTree = "<group>"; };
		39C28EB32553E3230022A1AA /* UIColorExtention.swift */ = {isa = PBXFileReference; fileEncoding = 4; lastKnownFileType = sourcecode.swift; path = UIColorExtention.swift; sourceTree = "<group>"; };
		39C28EB42553E3230022A1AA /* ArrayExtension.swift */ = {isa = PBXFileReference; fileEncoding = 4; lastKnownFileType = sourcecode.swift; path = ArrayExtension.swift; sourceTree = "<group>"; };
		39C28EB52553E3230022A1AA /* PublicFunctions.swift */ = {isa = PBXFileReference; fileEncoding = 4; lastKnownFileType = sourcecode.swift; path = PublicFunctions.swift; sourceTree = "<group>"; };
		39C28EB62553E3230022A1AA /* UIViewControllerExtension.swift */ = {isa = PBXFileReference; fileEncoding = 4; lastKnownFileType = sourcecode.swift; path = UIViewControllerExtension.swift; sourceTree = "<group>"; };
		39C28EB72553E3230022A1AA /* UITableView+Ext.swift */ = {isa = PBXFileReference; fileEncoding = 4; lastKnownFileType = sourcecode.swift; path = "UITableView+Ext.swift"; sourceTree = "<group>"; };
		39C28EB82553E3230022A1AA /* PickerDropdown.swift */ = {isa = PBXFileReference; fileEncoding = 4; lastKnownFileType = sourcecode.swift; path = PickerDropdown.swift; sourceTree = "<group>"; };
		39C28EB92553E3230022A1AA /* RoundedView.swift */ = {isa = PBXFileReference; fileEncoding = 4; lastKnownFileType = sourcecode.swift; path = RoundedView.swift; sourceTree = "<group>"; };
		39C28EBA2553E3230022A1AA /* Extensions.swift */ = {isa = PBXFileReference; fileEncoding = 4; lastKnownFileType = sourcecode.swift; path = Extensions.swift; sourceTree = "<group>"; };
		39C28EBB2553E3230022A1AA /* Storyboard.swift */ = {isa = PBXFileReference; fileEncoding = 4; lastKnownFileType = sourcecode.swift; path = Storyboard.swift; sourceTree = "<group>"; };
		39C28EBC2553E3230022A1AA /* Animator.swift */ = {isa = PBXFileReference; fileEncoding = 4; lastKnownFileType = sourcecode.swift; path = Animator.swift; sourceTree = "<group>"; };
		39C28EBD2553E3230022A1AA /* CardWithShadow.swift */ = {isa = PBXFileReference; fileEncoding = 4; lastKnownFileType = sourcecode.swift; path = CardWithShadow.swift; sourceTree = "<group>"; };
		39C28EBE2553E3230022A1AA /* Localizer.swift */ = {isa = PBXFileReference; fileEncoding = 4; lastKnownFileType = sourcecode.swift; path = Localizer.swift; sourceTree = "<group>"; };
		39C28EBF2553E3230022A1AA /* SetImageWithPlaceholder.swift */ = {isa = PBXFileReference; fileEncoding = 4; lastKnownFileType = sourcecode.swift; path = SetImageWithPlaceholder.swift; sourceTree = "<group>"; };
		39C28EC02553E3230022A1AA /* Notification.swift */ = {isa = PBXFileReference; fileEncoding = 4; lastKnownFileType = sourcecode.swift; path = Notification.swift; sourceTree = "<group>"; };
		39C28EC12553E3230022A1AA /* StringExtension.swift */ = {isa = PBXFileReference; fileEncoding = 4; lastKnownFileType = sourcecode.swift; path = StringExtension.swift; sourceTree = "<group>"; };
		39C28EC22553E3230022A1AA /* AnimationFactory.swift */ = {isa = PBXFileReference; fileEncoding = 4; lastKnownFileType = sourcecode.swift; path = AnimationFactory.swift; sourceTree = "<group>"; };
		39C28EC32553E3230022A1AA /* DictionaryExtension.swift */ = {isa = PBXFileReference; fileEncoding = 4; lastKnownFileType = sourcecode.swift; path = DictionaryExtension.swift; sourceTree = "<group>"; };
		39C28EC42553E3230022A1AA /* Loadable.swift */ = {isa = PBXFileReference; fileEncoding = 4; lastKnownFileType = sourcecode.swift; path = Loadable.swift; sourceTree = "<group>"; };
		39C28EC52553E3230022A1AA /* NavigationBarExtension.swift */ = {isa = PBXFileReference; fileEncoding = 4; lastKnownFileType = sourcecode.swift; path = NavigationBarExtension.swift; sourceTree = "<group>"; };
		39C28EC62553E3230022A1AA /* AMCircleImageView.swift */ = {isa = PBXFileReference; fileEncoding = 4; lastKnownFileType = sourcecode.swift; path = AMCircleImageView.swift; sourceTree = "<group>"; };
		39C28EC72553E3230022A1AA /* DoubleExtension.swift */ = {isa = PBXFileReference; fileEncoding = 4; lastKnownFileType = sourcecode.swift; path = DoubleExtension.swift; sourceTree = "<group>"; };
		39C28EC82553E3230022A1AA /* DateExtension.swift */ = {isa = PBXFileReference; fileEncoding = 4; lastKnownFileType = sourcecode.swift; path = DateExtension.swift; sourceTree = "<group>"; };
		39C28ECA2553E3230022A1AA /* BaseViewController.swift */ = {isa = PBXFileReference; fileEncoding = 4; lastKnownFileType = sourcecode.swift; path = BaseViewController.swift; sourceTree = "<group>"; };
		39C28ECB2553E3230022A1AA /* BaseModel.swift */ = {isa = PBXFileReference; fileEncoding = 4; lastKnownFileType = sourcecode.swift; path = BaseModel.swift; sourceTree = "<group>"; };
		3BD1D901C96D2CB32B5249DF /* Pods-OrcasTask.debug.xcconfig */ = {isa = PBXFileReference; includeInIndex = 1; lastKnownFileType = text.xcconfig; name = "Pods-OrcasTask.debug.xcconfig"; path = "Target Support Files/Pods-OrcasTask/Pods-OrcasTask.debug.xcconfig"; sourceTree = "<group>"; };
		4DC549107F7AD807B6855E88 /* Pods-OrcasTask.release.xcconfig */ = {isa = PBXFileReference; includeInIndex = 1; lastKnownFileType = text.xcconfig; name = "Pods-OrcasTask.release.xcconfig"; path = "Target Support Files/Pods-OrcasTask/Pods-OrcasTask.release.xcconfig"; sourceTree = "<group>"; };
		8E99ACA41E08B01EEDE7308D /* Pods_OrcasTask.framework */ = {isa = PBXFileReference; explicitFileType = wrapper.framework; includeInIndex = 0; path = Pods_OrcasTask.framework; sourceTree = BUILT_PRODUCTS_DIR; };
		AD99732657F8EEBF5012726C /* Pods_OrcasTaskTests.framework */ = {isa = PBXFileReference; explicitFileType = wrapper.framework; includeInIndex = 0; path = Pods_OrcasTaskTests.framework; sourceTree = BUILT_PRODUCTS_DIR; };
		DF28AA7A3F2AA58738B5C0FE /* Pods-OrcasTaskTests.debug.xcconfig */ = {isa = PBXFileReference; includeInIndex = 1; lastKnownFileType = text.xcconfig; name = "Pods-OrcasTaskTests.debug.xcconfig"; path = "Target Support Files/Pods-OrcasTaskTests/Pods-OrcasTaskTests.debug.xcconfig"; sourceTree = "<group>"; };
/* End PBXFileReference section */

/* Begin PBXFrameworksBuildPhase section */
		39C28E772553E2340022A1AA /* Frameworks */ = {
			isa = PBXFrameworksBuildPhase;
			buildActionMask = 2147483647;
			files = (
				7A7EB3BCE9A4A0283E9AAB53 /* Pods_OrcasTask.framework in Frameworks */,
			);
			runOnlyForDeploymentPostprocessing = 0;
		};
		39C28E902553E2370022A1AA /* Frameworks */ = {
			isa = PBXFrameworksBuildPhase;
			buildActionMask = 2147483647;
			files = (
				39EE10C7A663E0B581EA7EBC /* Pods_OrcasTaskTests.framework in Frameworks */,
			);
			runOnlyForDeploymentPostprocessing = 0;
		};
/* End PBXFrameworksBuildPhase section */

/* Begin PBXGroup section */
		39C28E712553E2340022A1AA = {
			isa = PBXGroup;
			children = (
				39C28E7C2553E2340022A1AA /* OrcasTask */,
				39C28E962553E2370022A1AA /* OrcasTaskTests */,
				39C28E7B2553E2340022A1AA /* Products */,
				FF7AFC647AAAD0231170B6FE /* Pods */,
				D0A56A04362AC6C4979850D8 /* Frameworks */,
			);
			sourceTree = "<group>";
		};
		39C28E7B2553E2340022A1AA /* Products */ = {
			isa = PBXGroup;
			children = (
				39C28E7A2553E2340022A1AA /* OrcasTask.app */,
				39C28E932553E2370022A1AA /* OrcasTaskTests.xctest */,
			);
			name = Products;
			sourceTree = "<group>";
		};
		39C28E7C2553E2340022A1AA /* OrcasTask */ = {
			isa = PBXGroup;
			children = (
				39C28EF22553E3850022A1AA /* MainPage */,
				39C28EF12553E3630022A1AA /* SupportedFiles */,
				39C28EA22553E3220022A1AA /* Utility */,
				39C28E8E2553E2370022A1AA /* Info.plist */,
				39C28E862553E2340022A1AA /* OrcasTask.xcdatamodeld */,
			);
			path = OrcasTask;
			sourceTree = "<group>";
		};
		39C28E962553E2370022A1AA /* OrcasTaskTests */ = {
			isa = PBXGroup;
			children = (
				39C28E972553E2370022A1AA /* OrcasTaskTests.swift */,
				39C28E992553E2370022A1AA /* Info.plist */,
			);
			path = OrcasTaskTests;
			sourceTree = "<group>";
		};
		39C28EA22553E3220022A1AA /* Utility */ = {
			isa = PBXGroup;
			children = (
				39C28EA32553E3220022A1AA /* Protocol */,
				39C28EA52553E3230022A1AA /* Network Manager */,
				39C28EAE2553E3230022A1AA /* Extensions */,
				39C28EC92553E3230022A1AA /* Base */,
			);
			path = Utility;
			sourceTree = "<group>";
		};
		39C28EA32553E3220022A1AA /* Protocol */ = {
			isa = PBXGroup;
			children = (
				39C28EA42553E3230022A1AA /* Name.swift */,
			);
			path = Protocol;
			sourceTree = "<group>";
		};
		39C28EA52553E3230022A1AA /* Network Manager */ = {
			isa = PBXGroup;
			children = (
				39C28EA62553E3230022A1AA /* NetworkManager.swift */,
				39C28EA72553E3230022A1AA /* ErrorHandler.swift */,
				39C28EA82553E3230022A1AA /* ResponseSerializer.swift */,
				39C28EA92553E3230022A1AA /* RequestConfiguraton.swift */,
				39C28EAA2553E3230022A1AA /* HttpHelper.swift */,
				39C28EAB2553E3230022A1AA /* LastReuest.swift */,
				39C28EAC2553E3230022A1AA /* ExpiredRequest.swift */,
				39C28EAD2553E3230022A1AA /* EndPoint.swift */,
			);
			path = "Network Manager";
			sourceTree = "<group>";
		};
		39C28EAE2553E3230022A1AA /* Extensions */ = {
			isa = PBXGroup;
			children = (
				39C28EAF2553E3230022A1AA /* Constant.swift */,
				39C28EB02553E3230022A1AA /* Language.swift */,
				39C28EB12553E3230022A1AA /* RoundedCornerButton.swift */,
				39C28EB22553E3230022A1AA /* CardView.swift */,
				39C28EB32553E3230022A1AA /* UIColorExtention.swift */,
				39C28EB42553E3230022A1AA /* ArrayExtension.swift */,
				39C28EB52553E3230022A1AA /* PublicFunctions.swift */,
				39C28EB62553E3230022A1AA /* UIViewControllerExtension.swift */,
				39C28EB72553E3230022A1AA /* UITableView+Ext.swift */,
				39C28EB82553E3230022A1AA /* PickerDropdown.swift */,
				39C28EB92553E3230022A1AA /* RoundedView.swift */,
				39C28EBA2553E3230022A1AA /* Extensions.swift */,
				39C28EBB2553E3230022A1AA /* Storyboard.swift */,
				39C28EBC2553E3230022A1AA /* Animator.swift */,
				39C28EBD2553E3230022A1AA /* CardWithShadow.swift */,
				39C28EBE2553E3230022A1AA /* Localizer.swift */,
				39C28EBF2553E3230022A1AA /* SetImageWithPlaceholder.swift */,
				39C28EC02553E3230022A1AA /* Notification.swift */,
				39C28EC12553E3230022A1AA /* StringExtension.swift */,
				39C28EC22553E3230022A1AA /* AnimationFactory.swift */,
				39C28EC32553E3230022A1AA /* DictionaryExtension.swift */,
				39C28EC42553E3230022A1AA /* Loadable.swift */,
				39C28EC52553E3230022A1AA /* NavigationBarExtension.swift */,
				39C28EC62553E3230022A1AA /* AMCircleImageView.swift */,
				39C28EC72553E3230022A1AA /* DoubleExtension.swift */,
				39C28EC82553E3230022A1AA /* DateExtension.swift */,
			);
			path = Extensions;
			sourceTree = "<group>";
		};
		39C28EC92553E3230022A1AA /* Base */ = {
			isa = PBXGroup;
			children = (
				39C28ECA2553E3230022A1AA /* BaseViewController.swift */,
				39C28ECB2553E3230022A1AA /* BaseModel.swift */,
			);
			path = Base;
			sourceTree = "<group>";
		};
		39C28EF12553E3630022A1AA /* SupportedFiles */ = {
			isa = PBXGroup;
			children = (
				39C28E892553E2370022A1AA /* Assets.xcassets */,
				39C28E7D2553E2340022A1AA /* AppDelegate.swift */,
				39C28E7F2553E2340022A1AA /* SceneDelegate.swift */,
				39C28E8B2553E2370022A1AA /* LaunchScreen.storyboard */,
			);
			path = SupportedFiles;
			sourceTree = "<group>";
		};
		39C28EF22553E3850022A1AA /* MainPage */ = {
			isa = PBXGroup;
			children = (
				39C28EF62553E5D40022A1AA /* Models */,
				39C28EF52553E5CF0022A1AA /* Views */,
				39C28EF42553E5BC0022A1AA /* Presenters */,
				39C28EF32553E5B00022A1AA /* Controllers */,
				39C28E832553E2340022A1AA /* Main.storyboard */,
			);
			path = MainPage;
			sourceTree = "<group>";
		};
		39C28EF32553E5B00022A1AA /* Controllers */ = {
			isa = PBXGroup;
			children = (
				39AA4BFB2555948B00117584 /* TeamsViewController.swift */,
				39AA4BFD255594D700117584 /* TeamDetailsViewController.swift */,
			);
			path = Controllers;
			sourceTree = "<group>";
		};
		39C28EF42553E5BC0022A1AA /* Presenters */ = {
			isa = PBXGroup;
			children = (
				39AA4BFF2555951D00117584 /* TeamsPresenter.swift */,
				39AA4C012555952A00117584 /* TeamDetailsPresenter.swift */,
			);
			path = Presenters;
			sourceTree = "<group>";
		};
		39C28EF52553E5CF0022A1AA /* Views */ = {
			isa = PBXGroup;
			children = (
				39AA4C03255595D700117584 /* teamCell.swift */,
				39AA4C04255595D700117584 /* teamCell.xib */,
				3931C0EF2555E8F00070FEF5 /* PlayersCell.swift */,
				3931C0F02555E8F00070FEF5 /* PlayersCell.xib */,
			);
			path = Views;
			sourceTree = "<group>";
		};
		39C28EF62553E5D40022A1AA /* Models */ = {
			isa = PBXGroup;
			children = (
				39AA4BF52555922A00117584 /* LegaModel.swift */,
				39AA4BF7255592D600117584 /* TeamsModel.swift */,
				39AA4BF92555936000117584 /* SeasonModel.swift */,
				3931C0F32555E9350070FEF5 /* TeamDetailsMOdel.swift */,
			);
			path = Models;
			sourceTree = "<group>";
		};
		D0A56A04362AC6C4979850D8 /* Frameworks */ = {
			isa = PBXGroup;
			children = (
				8E99ACA41E08B01EEDE7308D /* Pods_OrcasTask.framework */,
				AD99732657F8EEBF5012726C /* Pods_OrcasTaskTests.framework */,
			);
			name = Frameworks;
			sourceTree = "<group>";
		};
		FF7AFC647AAAD0231170B6FE /* Pods */ = {
			isa = PBXGroup;
			children = (
				3BD1D901C96D2CB32B5249DF /* Pods-OrcasTask.debug.xcconfig */,
				4DC549107F7AD807B6855E88 /* Pods-OrcasTask.release.xcconfig */,
				DF28AA7A3F2AA58738B5C0FE /* Pods-OrcasTaskTests.debug.xcconfig */,
				23DEFB889815387CA3D2003F /* Pods-OrcasTaskTests.release.xcconfig */,
			);
			path = Pods;
			sourceTree = "<group>";
		};
/* End PBXGroup section */

/* Begin PBXNativeTarget section */
		39C28E792553E2340022A1AA /* OrcasTask */ = {
			isa = PBXNativeTarget;
			buildConfigurationList = 39C28E9C2553E2370022A1AA /* Build configuration list for PBXNativeTarget "OrcasTask" */;
			buildPhases = (
				9B0079B3E93182918967E533 /* [CP] Check Pods Manifest.lock */,
				39C28E762553E2340022A1AA /* Sources */,
				39C28E772553E2340022A1AA /* Frameworks */,
				39C28E782553E2340022A1AA /* Resources */,
				609FEDCDA0672DA8DFB0238E /* [CP] Embed Pods Frameworks */,
			);
			buildRules = (
			);
			dependencies = (
			);
			name = OrcasTask;
			productName = OrcasTask;
			productReference = 39C28E7A2553E2340022A1AA /* OrcasTask.app */;
			productType = "com.apple.product-type.application";
		};
		39C28E922553E2370022A1AA /* OrcasTaskTests */ = {
			isa = PBXNativeTarget;
			buildConfigurationList = 39C28E9F2553E2370022A1AA /* Build configuration list for PBXNativeTarget "OrcasTaskTests" */;
			buildPhases = (
				977F1C3D8F8EFF59A805D671 /* [CP] Check Pods Manifest.lock */,
				39C28E8F2553E2370022A1AA /* Sources */,
				39C28E902553E2370022A1AA /* Frameworks */,
				39C28E912553E2370022A1AA /* Resources */,
			);
			buildRules = (
			);
			dependencies = (
				39C28E952553E2370022A1AA /* PBXTargetDependency */,
			);
			name = OrcasTaskTests;
			productName = OrcasTaskTests;
			productReference = 39C28E932553E2370022A1AA /* OrcasTaskTests.xctest */;
			productType = "com.apple.product-type.bundle.unit-test";
		};
/* End PBXNativeTarget section */

/* Begin PBXProject section */
		39C28E722553E2340022A1AA /* Project object */ = {
			isa = PBXProject;
			attributes = {
				LastSwiftUpdateCheck = 1140;
				LastUpgradeCheck = 1140;
				ORGANIZATIONNAME = "Smart Zone";
				TargetAttributes = {
					39C28E792553E2340022A1AA = {
						CreatedOnToolsVersion = 11.4.1;
					};
					39C28E922553E2370022A1AA = {
						CreatedOnToolsVersion = 11.4.1;
						TestTargetID = 39C28E792553E2340022A1AA;
					};
				};
			};
			buildConfigurationList = 39C28E752553E2340022A1AA /* Build configuration list for PBXProject "OrcasTask" */;
			compatibilityVersion = "Xcode 9.3";
			developmentRegion = en;
			hasScannedForEncodings = 0;
			knownRegions = (
				en,
				Base,
			);
			mainGroup = 39C28E712553E2340022A1AA;
			productRefGroup = 39C28E7B2553E2340022A1AA /* Products */;
			projectDirPath = "";
			projectRoot = "";
			targets = (
				39C28E792553E2340022A1AA /* OrcasTask */,
				39C28E922553E2370022A1AA /* OrcasTaskTests */,
			);
		};
/* End PBXProject section */

/* Begin PBXResourcesBuildPhase section */
		39C28E782553E2340022A1AA /* Resources */ = {
			isa = PBXResourcesBuildPhase;
			buildActionMask = 2147483647;
			files = (
				3931C0F22555E8F00070FEF5 /* PlayersCell.xib in Resources */,
				39AA4C06255595D700117584 /* teamCell.xib in Resources */,
				39C28E8D2553E2370022A1AA /* LaunchScreen.storyboard in Resources */,
				39C28E8A2553E2370022A1AA /* Assets.xcassets in Resources */,
				39C28E852553E2340022A1AA /* Main.storyboard in Resources */,
			);
			runOnlyForDeploymentPostprocessing = 0;
		};
		39C28E912553E2370022A1AA /* Resources */ = {
			isa = PBXResourcesBuildPhase;
			buildActionMask = 2147483647;
			files = (
			);
			runOnlyForDeploymentPostprocessing = 0;
		};
/* End PBXResourcesBuildPhase section */

/* Begin PBXShellScriptBuildPhase section */
		609FEDCDA0672DA8DFB0238E /* [CP] Embed Pods Frameworks */ = {
			isa = PBXShellScriptBuildPhase;
			buildActionMask = 2147483647;
			files = (
			);
			inputFileListPaths = (
				"${PODS_ROOT}/Target Support Files/Pods-OrcasTask/Pods-OrcasTask-frameworks-${CONFIGURATION}-input-files.xcfilelist",
			);
			name = "[CP] Embed Pods Frameworks";
			outputFileListPaths = (
				"${PODS_ROOT}/Target Support Files/Pods-OrcasTask/Pods-OrcasTask-frameworks-${CONFIGURATION}-output-files.xcfilelist",
			);
			runOnlyForDeploymentPostprocessing = 0;
			shellPath = /bin/sh;
			shellScript = "\"${PODS_ROOT}/Target Support Files/Pods-OrcasTask/Pods-OrcasTask-frameworks.sh\"\n";
			showEnvVarsInLog = 0;
		};
		977F1C3D8F8EFF59A805D671 /* [CP] Check Pods Manifest.lock */ = {
			isa = PBXShellScriptBuildPhase;
			buildActionMask = 2147483647;
			files = (
			);
			inputFileListPaths = (
			);
			inputPaths = (
				"${PODS_PODFILE_DIR_PATH}/Podfile.lock",
				"${PODS_ROOT}/Manifest.lock",
			);
			name = "[CP] Check Pods Manifest.lock";
			outputFileListPaths = (
			);
			outputPaths = (
				"$(DERIVED_FILE_DIR)/Pods-OrcasTaskTests-checkManifestLockResult.txt",
			);
			runOnlyForDeploymentPostprocessing = 0;
			shellPath = /bin/sh;
			shellScript = "diff \"${PODS_PODFILE_DIR_PATH}/Podfile.lock\" \"${PODS_ROOT}/Manifest.lock\" > /dev/null\nif [ $? != 0 ] ; then\n    # print error to STDERR\n    echo \"error: The sandbox is not in sync with the Podfile.lock. Run 'pod install' or update your CocoaPods installation.\" >&2\n    exit 1\nfi\n# This output is used by Xcode 'outputs' to avoid re-running this script phase.\necho \"SUCCESS\" > \"${SCRIPT_OUTPUT_FILE_0}\"\n";
			showEnvVarsInLog = 0;
		};
		9B0079B3E93182918967E533 /* [CP] Check Pods Manifest.lock */ = {
			isa = PBXShellScriptBuildPhase;
			buildActionMask = 2147483647;
			files = (
			);
			inputFileListPaths = (
			);
			inputPaths = (
				"${PODS_PODFILE_DIR_PATH}/Podfile.lock",
				"${PODS_ROOT}/Manifest.lock",
			);
			name = "[CP] Check Pods Manifest.lock";
			outputFileListPaths = (
			);
			outputPaths = (
				"$(DERIVED_FILE_DIR)/Pods-OrcasTask-checkManifestLockResult.txt",
			);
			runOnlyForDeploymentPostprocessing = 0;
			shellPath = /bin/sh;
			shellScript = "diff \"${PODS_PODFILE_DIR_PATH}/Podfile.lock\" \"${PODS_ROOT}/Manifest.lock\" > /dev/null\nif [ $? != 0 ] ; then\n    # print error to STDERR\n    echo \"error: The sandbox is not in sync with the Podfile.lock. Run 'pod install' or update your CocoaPods installation.\" >&2\n    exit 1\nfi\n# This output is used by Xcode 'outputs' to avoid re-running this script phase.\necho \"SUCCESS\" > \"${SCRIPT_OUTPUT_FILE_0}\"\n";
			showEnvVarsInLog = 0;
		};
/* End PBXShellScriptBuildPhase section */

/* Begin PBXSourcesBuildPhase section */
		39C28E762553E2340022A1AA /* Sources */ = {
			isa = PBXSourcesBuildPhase;
			buildActionMask = 2147483647;
			files = (
				39C28ED42553E3230022A1AA /* EndPoint.swift in Sources */,
				39C28ECD2553E3230022A1AA /* NetworkManager.swift in Sources */,
				39C28ED32553E3230022A1AA /* ExpiredRequest.swift in Sources */,
				3931C0F42555E9350070FEF5 /* TeamDetailsMOdel.swift in Sources */,
				39C28ED12553E3230022A1AA /* HttpHelper.swift in Sources */,
				39C28EE72553E3230022A1AA /* StringExtension.swift in Sources */,
				39AA4C002555951D00117584 /* TeamsPresenter.swift in Sources */,
				39C28EEF2553E3230022A1AA /* BaseViewController.swift in Sources */,
				39C28EE12553E3230022A1AA /* Storyboard.swift in Sources */,
				39C28EDB2553E3230022A1AA /* PublicFunctions.swift in Sources */,
				39C28EE42553E3230022A1AA /* Localizer.swift in Sources */,
				39C28EDC2553E3230022A1AA /* UIViewControllerExtension.swift in Sources */,
				39C28EE92553E3230022A1AA /* DictionaryExtension.swift in Sources */,
				39C28ED22553E3230022A1AA /* LastReuest.swift in Sources */,
				39C28ECE2553E3230022A1AA /* ErrorHandler.swift in Sources */,
				39C28EDF2553E3230022A1AA /* RoundedView.swift in Sources */,
				39C28ED62553E3230022A1AA /* Language.swift in Sources */,
				39AA4C05255595D700117584 /* teamCell.swift in Sources */,
				39C28EEC2553E3230022A1AA /* AMCircleImageView.swift in Sources */,
				39C28ED92553E3230022A1AA /* UIColorExtention.swift in Sources */,
				39C28EDD2553E3230022A1AA /* UITableView+Ext.swift in Sources */,
				39C28EDE2553E3230022A1AA /* PickerDropdown.swift in Sources */,
				39C28EE82553E3230022A1AA /* AnimationFactory.swift in Sources */,
				39C28EF02553E3230022A1AA /* BaseModel.swift in Sources */,
				39C28EE22553E3230022A1AA /* Animator.swift in Sources */,
				39C28ED52553E3230022A1AA /* Constant.swift in Sources */,
				39AA4BF8255592D600117584 /* TeamsModel.swift in Sources */,
				39C28E882553E2340022A1AA /* OrcasTask.xcdatamodeld in Sources */,
				39C28ED72553E3230022A1AA /* RoundedCornerButton.swift in Sources */,
				39C28EE32553E3230022A1AA /* CardWithShadow.swift in Sources */,
				39C28ECF2553E3230022A1AA /* ResponseSerializer.swift in Sources */,
				39C28EEB2553E3230022A1AA /* NavigationBarExtension.swift in Sources */,
				39C28EE52553E3230022A1AA /* SetImageWithPlaceholder.swift in Sources */,
				3931C0F12555E8F00070FEF5 /* PlayersCell.swift in Sources */,
				39C28E7E2553E2340022A1AA /* AppDelegate.swift in Sources */,
				39C28E802553E2340022A1AA /* SceneDelegate.swift in Sources */,
				39C28EE02553E3230022A1AA /* Extensions.swift in Sources */,
				39AA4C022555952A00117584 /* TeamDetailsPresenter.swift in Sources */,
				39C28EEE2553E3230022A1AA /* DateExtension.swift in Sources */,
				39C28EEA2553E3230022A1AA /* Loadable.swift in Sources */,
				39C28ECC2553E3230022A1AA /* Name.swift in Sources */,
				39C28ED82553E3230022A1AA /* CardView.swift in Sources */,
				39AA4BFA2555936000117584 /* SeasonModel.swift in Sources */,
				39C28EED2553E3230022A1AA /* DoubleExtension.swift in Sources */,
				39AA4BF62555922A00117584 /* LegaModel.swift in Sources */,
				39C28ED02553E3230022A1AA /* RequestConfiguraton.swift in Sources */,
				39C28EE62553E3230022A1AA /* Notification.swift in Sources */,
				39AA4BFC2555948B00117584 /* TeamsViewController.swift in Sources */,
				39AA4BFE255594D700117584 /* TeamDetailsViewController.swift in Sources */,
				39C28EDA2553E3230022A1AA /* ArrayExtension.swift in Sources */,
			);
			runOnlyForDeploymentPostprocessing = 0;
		};
		39C28E8F2553E2370022A1AA /* Sources */ = {
			isa = PBXSourcesBuildPhase;
			buildActionMask = 2147483647;
			files = (
				39C28E982553E2370022A1AA /* OrcasTaskTests.swift in Sources */,
			);
			runOnlyForDeploymentPostprocessing = 0;
		};
/* End PBXSourcesBuildPhase section */

/* Begin PBXTargetDependency section */
		39C28E952553E2370022A1AA /* PBXTargetDependency */ = {
			isa = PBXTargetDependency;
			target = 39C28E792553E2340022A1AA /* OrcasTask */;
			targetProxy = 39C28E942553E2370022A1AA /* PBXContainerItemProxy */;
		};
/* End PBXTargetDependency section */

/* Begin PBXVariantGroup section */
		39C28E832553E2340022A1AA /* Main.storyboard */ = {
			isa = PBXVariantGroup;
			children = (
				39C28E842553E2340022A1AA /* Base */,
			);
			name = Main.storyboard;
			sourceTree = "<group>";
		};
		39C28E8B2553E2370022A1AA /* LaunchScreen.storyboard */ = {
			isa = PBXVariantGroup;
			children = (
				39C28E8C2553E2370022A1AA /* Base */,
			);
			name = LaunchScreen.storyboard;
			sourceTree = "<group>";
		};
/* End PBXVariantGroup section */

/* Begin XCBuildConfiguration section */
		39C28E9A2553E2370022A1AA /* Debug */ = {
			isa = XCBuildConfiguration;
			buildSettings = {
				ALWAYS_SEARCH_USER_PATHS = NO;
				CLANG_ANALYZER_NONNULL = YES;
				CLANG_ANALYZER_NUMBER_OBJECT_CONVERSION = YES_AGGRESSIVE;
				CLANG_CXX_LANGUAGE_STANDARD = "gnu++14";
				CLANG_CXX_LIBRARY = "libc++";
				CLANG_ENABLE_MODULES = YES;
				CLANG_ENABLE_OBJC_ARC = YES;
				CLANG_ENABLE_OBJC_WEAK = YES;
				CLANG_WARN_BLOCK_CAPTURE_AUTORELEASING = YES;
				CLANG_WARN_BOOL_CONVERSION = YES;
				CLANG_WARN_COMMA = YES;
				CLANG_WARN_CONSTANT_CONVERSION = YES;
				CLANG_WARN_DEPRECATED_OBJC_IMPLEMENTATIONS = YES;
				CLANG_WARN_DIRECT_OBJC_ISA_USAGE = YES_ERROR;
				CLANG_WARN_DOCUMENTATION_COMMENTS = YES;
				CLANG_WARN_EMPTY_BODY = YES;
				CLANG_WARN_ENUM_CONVERSION = YES;
				CLANG_WARN_INFINITE_RECURSION = YES;
				CLANG_WARN_INT_CONVERSION = YES;
				CLANG_WARN_NON_LITERAL_NULL_CONVERSION = YES;
				CLANG_WARN_OBJC_IMPLICIT_RETAIN_SELF = YES;
				CLANG_WARN_OBJC_LITERAL_CONVERSION = YES;
				CLANG_WARN_OBJC_ROOT_CLASS = YES_ERROR;
				CLANG_WARN_RANGE_LOOP_ANALYSIS = YES;
				CLANG_WARN_STRICT_PROTOTYPES = YES;
				CLANG_WARN_SUSPICIOUS_MOVE = YES;
				CLANG_WARN_UNGUARDED_AVAILABILITY = YES_AGGRESSIVE;
				CLANG_WARN_UNREACHABLE_CODE = YES;
				CLANG_WARN__DUPLICATE_METHOD_MATCH = YES;
				COPY_PHASE_STRIP = NO;
				DEBUG_INFORMATION_FORMAT = dwarf;
				ENABLE_STRICT_OBJC_MSGSEND = YES;
				ENABLE_TESTABILITY = YES;
				GCC_C_LANGUAGE_STANDARD = gnu11;
				GCC_DYNAMIC_NO_PIC = NO;
				GCC_NO_COMMON_BLOCKS = YES;
				GCC_OPTIMIZATION_LEVEL = 0;
				GCC_PREPROCESSOR_DEFINITIONS = (
					"DEBUG=1",
					"$(inherited)",
				);
				GCC_WARN_64_TO_32_BIT_CONVERSION = YES;
				GCC_WARN_ABOUT_RETURN_TYPE = YES_ERROR;
				GCC_WARN_UNDECLARED_SELECTOR = YES;
				GCC_WARN_UNINITIALIZED_AUTOS = YES_AGGRESSIVE;
				GCC_WARN_UNUSED_FUNCTION = YES;
				GCC_WARN_UNUSED_VARIABLE = YES;
				IPHONEOS_DEPLOYMENT_TARGET = 13.4;
				MTL_ENABLE_DEBUG_INFO = INCLUDE_SOURCE;
				MTL_FAST_MATH = YES;
				ONLY_ACTIVE_ARCH = YES;
				SDKROOT = iphoneos;
				SWIFT_ACTIVE_COMPILATION_CONDITIONS = DEBUG;
				SWIFT_OPTIMIZATION_LEVEL = "-Onone";
			};
			name = Debug;
		};
		39C28E9B2553E2370022A1AA /* Release */ = {
			isa = XCBuildConfiguration;
			buildSettings = {
				ALWAYS_SEARCH_USER_PATHS = NO;
				CLANG_ANALYZER_NONNULL = YES;
				CLANG_ANALYZER_NUMBER_OBJECT_CONVERSION = YES_AGGRESSIVE;
				CLANG_CXX_LANGUAGE_STANDARD = "gnu++14";
				CLANG_CXX_LIBRARY = "libc++";
				CLANG_ENABLE_MODULES = YES;
				CLANG_ENABLE_OBJC_ARC = YES;
				CLANG_ENABLE_OBJC_WEAK = YES;
				CLANG_WARN_BLOCK_CAPTURE_AUTORELEASING = YES;
				CLANG_WARN_BOOL_CONVERSION = YES;
				CLANG_WARN_COMMA = YES;
				CLANG_WARN_CONSTANT_CONVERSION = YES;
				CLANG_WARN_DEPRECATED_OBJC_IMPLEMENTATIONS = YES;
				CLANG_WARN_DIRECT_OBJC_ISA_USAGE = YES_ERROR;
				CLANG_WARN_DOCUMENTATION_COMMENTS = YES;
				CLANG_WARN_EMPTY_BODY = YES;
				CLANG_WARN_ENUM_CONVERSION = YES;
				CLANG_WARN_INFINITE_RECURSION = YES;
				CLANG_WARN_INT_CONVERSION = YES;
				CLANG_WARN_NON_LITERAL_NULL_CONVERSION = YES;
				CLANG_WARN_OBJC_IMPLICIT_RETAIN_SELF = YES;
				CLANG_WARN_OBJC_LITERAL_CONVERSION = YES;
				CLANG_WARN_OBJC_ROOT_CLASS = YES_ERROR;
				CLANG_WARN_RANGE_LOOP_ANALYSIS = YES;
				CLANG_WARN_STRICT_PROTOTYPES = YES;
				CLANG_WARN_SUSPICIOUS_MOVE = YES;
				CLANG_WARN_UNGUARDED_AVAILABILITY = YES_AGGRESSIVE;
				CLANG_WARN_UNREACHABLE_CODE = YES;
				CLANG_WARN__DUPLICATE_METHOD_MATCH = YES;
				COPY_PHASE_STRIP = NO;
				DEBUG_INFORMATION_FORMAT = "dwarf-with-dsym";
				ENABLE_NS_ASSERTIONS = NO;
				ENABLE_STRICT_OBJC_MSGSEND = YES;
				GCC_C_LANGUAGE_STANDARD = gnu11;
				GCC_NO_COMMON_BLOCKS = YES;
				GCC_WARN_64_TO_32_BIT_CONVERSION = YES;
				GCC_WARN_ABOUT_RETURN_TYPE = YES_ERROR;
				GCC_WARN_UNDECLARED_SELECTOR = YES;
				GCC_WARN_UNINITIALIZED_AUTOS = YES_AGGRESSIVE;
				GCC_WARN_UNUSED_FUNCTION = YES;
				GCC_WARN_UNUSED_VARIABLE = YES;
				IPHONEOS_DEPLOYMENT_TARGET = 13.4;
				MTL_ENABLE_DEBUG_INFO = NO;
				MTL_FAST_MATH = YES;
				SDKROOT = iphoneos;
				SWIFT_COMPILATION_MODE = wholemodule;
				SWIFT_OPTIMIZATION_LEVEL = "-O";
				VALIDATE_PRODUCT = YES;
			};
			name = Release;
		};
		39C28E9D2553E2370022A1AA /* Debug */ = {
			isa = XCBuildConfiguration;
			baseConfigurationReference = 3BD1D901C96D2CB32B5249DF /* Pods-OrcasTask.debug.xcconfig */;
			buildSettings = {
				ASSETCATALOG_COMPILER_APPICON_NAME = AppIcon;
				CODE_SIGN_STYLE = Automatic;
				DEVELOPMENT_TEAM = 55ZAR68Z5N;
				INFOPLIST_FILE = OrcasTask/Info.plist;
				LD_RUNPATH_SEARCH_PATHS = (
					"$(inherited)",
					"@executable_path/Frameworks",
				);
				PRODUCT_BUNDLE_IDENTIFIER = Essam.OrcasTask;
				PRODUCT_NAME = "$(TARGET_NAME)";
				SWIFT_VERSION = 5.0;
				TARGETED_DEVICE_FAMILY = "1,2";
			};
			name = Debug;
		};
		39C28E9E2553E2370022A1AA /* Release */ = {
			isa = XCBuildConfiguration;
			baseConfigurationReference = 4DC549107F7AD807B6855E88 /* Pods-OrcasTask.release.xcconfig */;
			buildSettings = {
				ASSETCATALOG_COMPILER_APPICON_NAME = AppIcon;
				CODE_SIGN_STYLE = Automatic;
				DEVELOPMENT_TEAM = 55ZAR68Z5N;
				INFOPLIST_FILE = OrcasTask/Info.plist;
				LD_RUNPATH_SEARCH_PATHS = (
					"$(inherited)",
					"@executable_path/Frameworks",
				);
				PRODUCT_BUNDLE_IDENTIFIER = Essam.OrcasTask;
				PRODUCT_NAME = "$(TARGET_NAME)";
				SWIFT_VERSION = 5.0;
				TARGETED_DEVICE_FAMILY = "1,2";
			};
			name = Release;
		};
		39C28EA02553E2370022A1AA /* Debug */ = {
			isa = XCBuildConfiguration;
			baseConfigurationReference = DF28AA7A3F2AA58738B5C0FE /* Pods-OrcasTaskTests.debug.xcconfig */;
			buildSettings = {
				ALWAYS_EMBED_SWIFT_STANDARD_LIBRARIES = YES;
				BUNDLE_LOADER = "$(TEST_HOST)";
				CODE_SIGN_STYLE = Automatic;
				DEVELOPMENT_TEAM = 55ZAR68Z5N;
				INFOPLIST_FILE = OrcasTaskTests/Info.plist;
				IPHONEOS_DEPLOYMENT_TARGET = 13.4;
				LD_RUNPATH_SEARCH_PATHS = (
					"$(inherited)",
					"@executable_path/Frameworks",
					"@loader_path/Frameworks",
				);
				PRODUCT_BUNDLE_IDENTIFIER = Essam.OrcasTaskTests;
				PRODUCT_NAME = "$(TARGET_NAME)";
				SWIFT_VERSION = 5.0;
				TARGETED_DEVICE_FAMILY = "1,2";
				TEST_HOST = "$(BUILT_PRODUCTS_DIR)/OrcasTask.app/OrcasTask";
			};
			name = Debug;
		};
		39C28EA12553E2370022A1AA /* Release */ = {
			isa = XCBuildConfiguration;
			baseConfigurationReference = 23DEFB889815387CA3D2003F /* Pods-OrcasTaskTests.release.xcconfig */;
			buildSettings = {
				ALWAYS_EMBED_SWIFT_STANDARD_LIBRARIES = YES;
				BUNDLE_LOADER = "$(TEST_HOST)";
				CODE_SIGN_STYLE = Automatic;
				DEVELOPMENT_TEAM = 55ZAR68Z5N;
				INFOPLIST_FILE = OrcasTaskTests/Info.plist;
				IPHONEOS_DEPLOYMENT_TARGET = 13.4;
				LD_RUNPATH_SEARCH_PATHS = (
					"$(inherited)",
					"@executable_path/Frameworks",
					"@loader_path/Frameworks",
				);
				PRODUCT_BUNDLE_IDENTIFIER = Essam.OrcasTaskTests;
				PRODUCT_NAME = "$(TARGET_NAME)";
				SWIFT_VERSION = 5.0;
				TARGETED_DEVICE_FAMILY = "1,2";
				TEST_HOST = "$(BUILT_PRODUCTS_DIR)/OrcasTask.app/OrcasTask";
			};
			name = Release;
		};
/* End XCBuildConfiguration section */

/* Begin XCConfigurationList section */
		39C28E752553E2340022A1AA /* Build configuration list for PBXProject "OrcasTask" */ = {
			isa = XCConfigurationList;
			buildConfigurations = (
				39C28E9A2553E2370022A1AA /* Debug */,
				39C28E9B2553E2370022A1AA /* Release */,
			);
			defaultConfigurationIsVisible = 0;
			defaultConfigurationName = Release;
		};
		39C28E9C2553E2370022A1AA /* Build configuration list for PBXNativeTarget "OrcasTask" */ = {
			isa = XCConfigurationList;
			buildConfigurations = (
				39C28E9D2553E2370022A1AA /* Debug */,
				39C28E9E2553E2370022A1AA /* Release */,
			);
			defaultConfigurationIsVisible = 0;
			defaultConfigurationName = Release;
		};
		39C28E9F2553E2370022A1AA /* Build configuration list for PBXNativeTarget "OrcasTaskTests" */ = {
			isa = XCConfigurationList;
			buildConfigurations = (
				39C28EA02553E2370022A1AA /* Debug */,
				39C28EA12553E2370022A1AA /* Release */,
			);
			defaultConfigurationIsVisible = 0;
			defaultConfigurationName = Release;
		};
/* End XCConfigurationList section */

/* Begin XCVersionGroup section */
		39C28E862553E2340022A1AA /* OrcasTask.xcdatamodeld */ = {
			isa = XCVersionGroup;
			children = (
				39C28E872553E2340022A1AA /* OrcasTask.xcdatamodel */,
			);
			currentVersion = 39C28E872553E2340022A1AA /* OrcasTask.xcdatamodel */;
			path = OrcasTask.xcdatamodeld;
			sourceTree = "<group>";
			versionGroupType = wrapper.xcdatamodel;
		};
/* End XCVersionGroup section */
	};
	rootObject = 39C28E722553E2340022A1AA /* Project object */;
}
